
Microsoft Visual Studio Solution File, Format Version 11.00
# Visual Studio 2010
Project("{FAE04EC0-301F-11D3-BF4B-00C04F79EFBC}") = "WikiFunctions", "..\WikiFunctions\WikiFunctions.csproj", "{B5B0008C-A306-4B0D-B91E-5C03DA7014E0}"
EndProject
Project("{FAE04EC0-301F-11D3-BF4B-00C04F79EFBC}") = "AWBPackager", "AWBPackager\AWBPackager.csproj", "{690002A9-43DB-4921-951A-BFCC4F8A90AB}"
EndProject
Project("{FAE04EC0-301F-11D3-BF4B-00C04F79EFBC}") = "DBScanner", "DBScanner\DBScanner.csproj", "{44727D80-9D58-4AA4-98BA-31CB44A43E57}"
EndProject
Project("{FAE04EC0-301F-11D3-BF4B-00C04F79EFBC}") = "Regex Tester", "Regex Tester\Regex Tester.csproj", "{C7D9293D-459E-4E4E-989B-FFE3CE50D3E4}"
EndProject
Project("{FAE04EC0-301F-11D3-BF4B-00C04F79EFBC}") = "Copy", "Copy\Copy.csproj", "{B24F7BE2-C161-4FBA-8FBC-94A0072CA5A2}"
EndProject
Global
	GlobalSection(SolutionConfigurationPlatforms) = preSolution
		Debug|Any CPU = Debug|Any CPU
		Release|Any CPU = Release|Any CPU
	EndGlobalSection
	GlobalSection(ProjectConfigurationPlatforms) = postSolution
		{B5B0008C-A306-4B0D-B91E-5C03DA7014E0}.Debug|Any CPU.ActiveCfg = Debug|Any CPU
		{B5B0008C-A306-4B0D-B91E-5C03DA7014E0}.Debug|Any CPU.Build.0 = Debug|Any CPU
		{B5B0008C-A306-4B0D-B91E-5C03DA7014E0}.Release|Any CPU.ActiveCfg = Release|Any CPU
		{B5B0008C-A306-4B0D-B91E-5C03DA7014E0}.Release|Any CPU.Build.0 = Release|Any CPU
		{690002A9-43DB-4921-951A-BFCC4F8A90AB}.Debug|Any CPU.ActiveCfg = Debug|Any CPU
		{690002A9-43DB-4921-951A-BFCC4F8A90AB}.Debug|Any CPU.Build.0 = Debug|Any CPU
		{690002A9-43DB-4921-951A-BFCC4F8A90AB}.Release|Any CPU.ActiveCfg = Release|Any CPU
		{690002A9-43DB-4921-951A-BFCC4F8A90AB}.Release|Any CPU.Build.0 = Release|Any CPU
		{44727D80-9D58-4AA4-98BA-31CB44A43E57}.Debug|Any CPU.ActiveCfg = Debug|Any CPU
		{44727D80-9D58-4AA4-98BA-31CB44A43E57}.Debug|Any CPU.Build.0 = Debug|Any CPU
		{44727D80-9D58-4AA4-98BA-31CB44A43E57}.Release|Any CPU.ActiveCfg = Release|Any CPU
		{44727D80-9D58-4AA4-98BA-31CB44A43E57}.Release|Any CPU.Build.0 = Release|Any CPU
		{C7D9293D-459E-4E4E-989B-FFE3CE50D3E4}.Debug|Any CPU.ActiveCfg = Debug|Any CPU
		{C7D9293D-459E-4E4E-989B-FFE3CE50D3E4}.Debug|Any CPU.Build.0 = Debug|Any CPU
		{C7D9293D-459E-4E4E-989B-FFE3CE50D3E4}.Release|Any CPU.ActiveCfg = Release|Any CPU
		{C7D9293D-459E-4E4E-989B-FFE3CE50D3E4}.Release|Any CPU.Build.0 = Release|Any CPU
		{B24F7BE2-C161-4FBA-8FBC-94A0072CA5A2}.Debug|Any CPU.ActiveCfg = Debug|Any CPU
		{B24F7BE2-C161-4FBA-8FBC-94A0072CA5A2}.Debug|Any CPU.Build.0 = Debug|Any CPU
		{B24F7BE2-C161-4FBA-8FBC-94A0072CA5A2}.Release|Any CPU.ActiveCfg = Release|Any CPU
		{B24F7BE2-C161-4FBA-8FBC-94A0072CA5A2}.Release|Any CPU.Build.0 = Release|Any CPU
	EndGlobalSection
	GlobalSection(SolutionProperties) = preSolution
		HideSolutionNode = FALSE
	EndGlobalSection
EndGlobal
