
Microsoft Visual Studio Solution File, Format Version 10.00
# Visual Studio 2008
Project("{FAE04EC0-301F-11D3-BF4B-00C04F79EFBC}") = "APITest", "APITest\APITest.csproj", "{56B94259-4B50-4DE9-A160-04449302186D}"
EndProject
Project("{FAE04EC0-301F-11D3-BF4B-00C04F79EFBC}") = "WikiFunctions", "..\WikiFunctions\WikiFunctions.csproj", "{B5B0008C-A306-4B0D-B91E-5C03DA7014E0}"
EndProject
Project("{FAE04EC0-301F-11D3-BF4B-00C04F79EFBC}") = "UnitTests", "..\UnitTests\UnitTests.csproj", "{62251B59-2D49-48DB-8CA3-8395B1980AF1}"
EndProject
Global
	GlobalSection(SolutionConfigurationPlatforms) = preSolution
		Debug|Any CPU = Debug|Any CPU
		Release|Any CPU = Release|Any CPU
	EndGlobalSection
	GlobalSection(ProjectConfigurationPlatforms) = postSolution
		{56B94259-4B50-4DE9-A160-04449302186D}.Debug|Any CPU.ActiveCfg = Debug|Any CPU
		{56B94259-4B50-4DE9-A160-04449302186D}.Debug|Any CPU.Build.0 = Debug|Any CPU
		{56B94259-4B50-4DE9-A160-04449302186D}.Release|Any CPU.ActiveCfg = Release|Any CPU
		{56B94259-4B50-4DE9-A160-04449302186D}.Release|Any CPU.Build.0 = Release|Any CPU
		{B5B0008C-A306-4B0D-B91E-5C03DA7014E0}.Debug|Any CPU.ActiveCfg = Debug|Any CPU
		{B5B0008C-A306-4B0D-B91E-5C03DA7014E0}.Debug|Any CPU.Build.0 = Debug|Any CPU
		{B5B0008C-A306-4B0D-B91E-5C03DA7014E0}.Release|Any CPU.ActiveCfg = Release|Any CPU
		{B5B0008C-A306-4B0D-B91E-5C03DA7014E0}.Release|Any CPU.Build.0 = Release|Any CPU
		{62251B59-2D49-48DB-8CA3-8395B1980AF1}.Debug|Any CPU.ActiveCfg = Debug|Any CPU
		{62251B59-2D49-48DB-8CA3-8395B1980AF1}.Debug|Any CPU.Build.0 = Debug|Any CPU
		{62251B59-2D49-48DB-8CA3-8395B1980AF1}.Release|Any CPU.ActiveCfg = Release|Any CPU
		{62251B59-2D49-48DB-8CA3-8395B1980AF1}.Release|Any CPU.Build.0 = Release|Any CPU
	EndGlobalSection
	GlobalSection(SolutionProperties) = preSolution
		HideSolutionNode = FALSE
	EndGlobalSection
EndGlobal
