
Microsoft Visual Studio Solution File, Format Version 9.00
# Visual Studio 2005
Project("{FAE04EC0-301F-11D3-BF4B-00C04F79EFBC}") = "WikiFunctions", "WikiFunctions\WikiFunctions.csproj", "{B5B0008C-A306-4B0D-B91E-5C03DA7014E0}"
EndProject
Project("{FAE04EC0-301F-11D3-BF4B-00C04F79EFBC}") = "IRCMonitor", "IRCMonitor\IRCMonitor.csproj", "{AB2BFB9D-ABFF-4752-B9DA-2937E4E68B71}"
EndProject
Project("{FAE04EC0-301F-11D3-BF4B-00C04F79EFBC}") = "CFD", "Plugins\CFD\CFD.csproj", "{3443EC53-0B83-4356-A032-AD9693448F19}"
EndProject
Project("{FAE04EC0-301F-11D3-BF4B-00C04F79EFBC}") = "AutoWikiBrowser", "AWB\AutoWikiBrowser.csproj", "{42769674-70BD-4F11-9718-C5DA36578228}"
	ProjectSection(ProjectDependencies) = postProject
		{980407B1-D48C-4000-A2FB-859347379ADC} = {980407B1-D48C-4000-A2FB-859347379ADC}
	EndProjectSection
EndProject
Project("{FAE04EC0-301F-11D3-BF4B-00C04F79EFBC}") = "AWBUpdater", "AWBUpdater\AWBUpdater.csproj", "{938C0EAD-3528-4F28-9069-3F90463033AC}"
EndProject
Project("{8BC9CEB8-8B4A-11D0-8D11-00A0C91BC942}") = "Wikidiff2", "Wikidiff2\Wikidiff2.vcproj", "{980407B1-D48C-4000-A2FB-859347379ADC}"
EndProject
Global
	GlobalSection(SolutionConfigurationPlatforms) = preSolution
		Debug|Any CPU = Debug|Any CPU
		Debug|Mixed Platforms = Debug|Mixed Platforms
		Debug|Win32 = Debug|Win32
		Release|Any CPU = Release|Any CPU
		Release|Mixed Platforms = Release|Mixed Platforms
		Release|Win32 = Release|Win32
	EndGlobalSection
	GlobalSection(ProjectConfigurationPlatforms) = postSolution
		{B5B0008C-A306-4B0D-B91E-5C03DA7014E0}.Debug|Any CPU.ActiveCfg = Debug|Any CPU
		{B5B0008C-A306-4B0D-B91E-5C03DA7014E0}.Debug|Any CPU.Build.0 = Debug|Any CPU
		{B5B0008C-A306-4B0D-B91E-5C03DA7014E0}.Debug|Mixed Platforms.ActiveCfg = Debug|Any CPU
		{B5B0008C-A306-4B0D-B91E-5C03DA7014E0}.Debug|Mixed Platforms.Build.0 = Debug|Any CPU
		{B5B0008C-A306-4B0D-B91E-5C03DA7014E0}.Debug|Win32.ActiveCfg = Debug|Any CPU
		{B5B0008C-A306-4B0D-B91E-5C03DA7014E0}.Release|Any CPU.ActiveCfg = Release|Any CPU
		{B5B0008C-A306-4B0D-B91E-5C03DA7014E0}.Release|Any CPU.Build.0 = Release|Any CPU
		{B5B0008C-A306-4B0D-B91E-5C03DA7014E0}.Release|Mixed Platforms.ActiveCfg = Release|Any CPU
		{B5B0008C-A306-4B0D-B91E-5C03DA7014E0}.Release|Mixed Platforms.Build.0 = Release|Any CPU
		{B5B0008C-A306-4B0D-B91E-5C03DA7014E0}.Release|Win32.ActiveCfg = Release|Any CPU
		{AB2BFB9D-ABFF-4752-B9DA-2937E4E68B71}.Debug|Any CPU.ActiveCfg = Debug|Any CPU
		{AB2BFB9D-ABFF-4752-B9DA-2937E4E68B71}.Debug|Any CPU.Build.0 = Debug|Any CPU
		{AB2BFB9D-ABFF-4752-B9DA-2937E4E68B71}.Debug|Mixed Platforms.ActiveCfg = Debug|Any CPU
		{AB2BFB9D-ABFF-4752-B9DA-2937E4E68B71}.Debug|Mixed Platforms.Build.0 = Debug|Any CPU
		{AB2BFB9D-ABFF-4752-B9DA-2937E4E68B71}.Debug|Win32.ActiveCfg = Debug|Any CPU
		{AB2BFB9D-ABFF-4752-B9DA-2937E4E68B71}.Release|Any CPU.ActiveCfg = Release|Any CPU
		{AB2BFB9D-ABFF-4752-B9DA-2937E4E68B71}.Release|Any CPU.Build.0 = Release|Any CPU
		{AB2BFB9D-ABFF-4752-B9DA-2937E4E68B71}.Release|Mixed Platforms.ActiveCfg = Release|Any CPU
		{AB2BFB9D-ABFF-4752-B9DA-2937E4E68B71}.Release|Mixed Platforms.Build.0 = Release|Any CPU
		{AB2BFB9D-ABFF-4752-B9DA-2937E4E68B71}.Release|Win32.ActiveCfg = Release|Any CPU
		{3443EC53-0B83-4356-A032-AD9693448F19}.Debug|Any CPU.ActiveCfg = Debug|Any CPU
		{3443EC53-0B83-4356-A032-AD9693448F19}.Debug|Any CPU.Build.0 = Debug|Any CPU
		{3443EC53-0B83-4356-A032-AD9693448F19}.Debug|Mixed Platforms.ActiveCfg = Debug|Any CPU
		{3443EC53-0B83-4356-A032-AD9693448F19}.Debug|Mixed Platforms.Build.0 = Debug|Any CPU
		{3443EC53-0B83-4356-A032-AD9693448F19}.Debug|Win32.ActiveCfg = Debug|Any CPU
		{3443EC53-0B83-4356-A032-AD9693448F19}.Release|Any CPU.ActiveCfg = Release|Any CPU
		{3443EC53-0B83-4356-A032-AD9693448F19}.Release|Any CPU.Build.0 = Release|Any CPU
		{3443EC53-0B83-4356-A032-AD9693448F19}.Release|Mixed Platforms.ActiveCfg = Release|Any CPU
		{3443EC53-0B83-4356-A032-AD9693448F19}.Release|Mixed Platforms.Build.0 = Release|Any CPU
		{3443EC53-0B83-4356-A032-AD9693448F19}.Release|Win32.ActiveCfg = Release|Any CPU
		{42769674-70BD-4F11-9718-C5DA36578228}.Debug|Any CPU.ActiveCfg = Debug|Any CPU
		{42769674-70BD-4F11-9718-C5DA36578228}.Debug|Any CPU.Build.0 = Debug|Any CPU
		{42769674-70BD-4F11-9718-C5DA36578228}.Debug|Mixed Platforms.ActiveCfg = Debug|Any CPU
		{42769674-70BD-4F11-9718-C5DA36578228}.Debug|Mixed Platforms.Build.0 = Debug|Any CPU
		{42769674-70BD-4F11-9718-C5DA36578228}.Debug|Win32.ActiveCfg = Debug|Any CPU
		{42769674-70BD-4F11-9718-C5DA36578228}.Release|Any CPU.ActiveCfg = Release|Any CPU
		{42769674-70BD-4F11-9718-C5DA36578228}.Release|Any CPU.Build.0 = Release|Any CPU
		{42769674-70BD-4F11-9718-C5DA36578228}.Release|Mixed Platforms.ActiveCfg = Release|Any CPU
		{42769674-70BD-4F11-9718-C5DA36578228}.Release|Mixed Platforms.Build.0 = Release|Any CPU
		{42769674-70BD-4F11-9718-C5DA36578228}.Release|Win32.ActiveCfg = Release|Any CPU
		{938C0EAD-3528-4F28-9069-3F90463033AC}.Debug|Any CPU.ActiveCfg = Debug|Any CPU
		{938C0EAD-3528-4F28-9069-3F90463033AC}.Debug|Any CPU.Build.0 = Debug|Any CPU
		{938C0EAD-3528-4F28-9069-3F90463033AC}.Debug|Mixed Platforms.ActiveCfg = Debug|Any CPU
		{938C0EAD-3528-4F28-9069-3F90463033AC}.Debug|Mixed Platforms.Build.0 = Debug|Any CPU
		{938C0EAD-3528-4F28-9069-3F90463033AC}.Debug|Win32.ActiveCfg = Debug|Any CPU
		{938C0EAD-3528-4F28-9069-3F90463033AC}.Release|Any CPU.ActiveCfg = Release|Any CPU
		{938C0EAD-3528-4F28-9069-3F90463033AC}.Release|Any CPU.Build.0 = Release|Any CPU
		{938C0EAD-3528-4F28-9069-3F90463033AC}.Release|Mixed Platforms.ActiveCfg = Release|Any CPU
		{938C0EAD-3528-4F28-9069-3F90463033AC}.Release|Mixed Platforms.Build.0 = Release|Any CPU
		{938C0EAD-3528-4F28-9069-3F90463033AC}.Release|Win32.ActiveCfg = Release|Any CPU
		{980407B1-D48C-4000-A2FB-859347379ADC}.Debug|Any CPU.ActiveCfg = Debug|Win32
		{980407B1-D48C-4000-A2FB-859347379ADC}.Debug|Mixed Platforms.ActiveCfg = Debug|Win32
		{980407B1-D48C-4000-A2FB-859347379ADC}.Debug|Mixed Platforms.Build.0 = Debug|Win32
		{980407B1-D48C-4000-A2FB-859347379ADC}.Debug|Win32.ActiveCfg = Debug|Win32
		{980407B1-D48C-4000-A2FB-859347379ADC}.Debug|Win32.Build.0 = Debug|Win32
		{980407B1-D48C-4000-A2FB-859347379ADC}.Release|Any CPU.ActiveCfg = Release|Win32
		{980407B1-D48C-4000-A2FB-859347379ADC}.Release|Mixed Platforms.ActiveCfg = Release|Win32
		{980407B1-D48C-4000-A2FB-859347379ADC}.Release|Mixed Platforms.Build.0 = Release|Win32
		{980407B1-D48C-4000-A2FB-859347379ADC}.Release|Win32.ActiveCfg = Release|Win32
		{980407B1-D48C-4000-A2FB-859347379ADC}.Release|Win32.Build.0 = Release|Win32
	EndGlobalSection
	GlobalSection(SolutionProperties) = preSolution
		HideSolutionNode = FALSE
	EndGlobalSection
EndGlobal
