
Microsoft Visual Studio Solution File, Format Version 9.00
# Visual Studio 2005
Project("{FAE04EC0-301F-11D3-BF4B-00C04F79EFBC}") = "AWBPackager", "AWBPackager\AWBPackager.csproj", "{690002A9-43DB-4921-951A-BFCC4F8A90AB}"
EndProject
Global
	GlobalSection(SolutionConfigurationPlatforms) = preSolution
		Debug|Any CPU = Debug|Any CPU
		Release|Any CPU = Release|Any CPU
	EndGlobalSection
	GlobalSection(ProjectConfigurationPlatforms) = postSolution
		{690002A9-43DB-4921-951A-BFCC4F8A90AB}.Debug|Any CPU.ActiveCfg = Debug|Any CPU
		{690002A9-43DB-4921-951A-BFCC4F8A90AB}.Debug|Any CPU.Build.0 = Debug|Any CPU
		{690002A9-43DB-4921-951A-BFCC4F8A90AB}.Release|Any CPU.ActiveCfg = Release|Any CPU
		{690002A9-43DB-4921-951A-BFCC4F8A90AB}.Release|Any CPU.Build.0 = Release|Any CPU
	EndGlobalSection
	GlobalSection(SolutionProperties) = preSolution
		HideSolutionNode = FALSE
	EndGlobalSection
EndGlobal
